// !$*UTF8*$!
{
	archiveVersion = 1;
	classes = {
	};
	objectVersion = 52;
	objects = {

/* Begin PBXBuildFile section */
		8322E07425D6414C00B4D11F /* IMSApp.swift in Sources */ = {isa = PBXBuildFile; fileRef = 8322E07325D6414C00B4D11F /* IMSApp.swift */; };
		8322E07625D6414C00B4D11F /* ContentView.swift in Sources */ = {isa = PBXBuildFile; fileRef = 8322E07525D6414C00B4D11F /* ContentView.swift */; };
		8322E07825D6414D00B4D11F /* Assets.xcassets in Resources */ = {isa = PBXBuildFile; fileRef = 8322E07725D6414D00B4D11F /* Assets.xcassets */; };
		8322E07B25D6414D00B4D11F /* Preview Assets.xcassets in Resources */ = {isa = PBXBuildFile; fileRef = 8322E07A25D6414D00B4D11F /* Preview Assets.xcassets */; };
		8322E08625D6414D00B4D11F /* IMSTests.swift in Sources */ = {isa = PBXBuildFile; fileRef = 8322E08525D6414D00B4D11F /* IMSTests.swift */; };
		8322E09125D6414D00B4D11F /* IMSUITests.swift in Sources */ = {isa = PBXBuildFile; fileRef = 8322E09025D6414D00B4D11F /* IMSUITests.swift */; };
		8322E0B725D6685500B4D11F /* Good.swift in Sources */ = {isa = PBXBuildFile; fileRef = 8322E0B625D6685500B4D11F /* Good.swift */; };
		8322E0BC25D6693400B4D11F /* goodsData.json in Resources */ = {isa = PBXBuildFile; fileRef = 8322E0BB25D6693400B4D11F /* goodsData.json */; };
		8322E0C125D66AAF00B4D11F /* ModelData.swift in Sources */ = {isa = PBXBuildFile; fileRef = 8322E0C025D66AAF00B4D11F /* ModelData.swift */; };
		8322E0D725D66EBE00B4D11F /* GoodRow.swift in Sources */ = {isa = PBXBuildFile; fileRef = 8322E0D625D66EBE00B4D11F /* GoodRow.swift */; };
		83302D1D2610691B002216F3 /* Setting.swift in Sources */ = {isa = PBXBuildFile; fileRef = 83302D1C2610691B002216F3 /* Setting.swift */; };
		83302D2A2610704F002216F3 /* NotificationHelper.swift in Sources */ = {isa = PBXBuildFile; fileRef = 83302D292610704F002216F3 /* NotificationHelper.swift */; };
		8334212E25D69B97005C3944 /* GoodList.swift in Sources */ = {isa = PBXBuildFile; fileRef = 8334212D25D69B97005C3944 /* GoodList.swift */; };
		83473A2B262AD6FC00226C8D /* Store.swift in Sources */ = {isa = PBXBuildFile; fileRef = 83473A2A262AD6FC00226C8D /* Store.swift */; };
		8360E4E125E20FB3009B5C39 /* ImageLoader.swift in Sources */ = {isa = PBXBuildFile; fileRef = 8360E4E025E20FB3009B5C39 /* ImageLoader.swift */; };
		836A0AA025FC8EE3008B1C08 /* Coordinator.swift in Sources */ = {isa = PBXBuildFile; fileRef = 836A0A9F25FC8EE3008B1C08 /* Coordinator.swift */; };
		836B4A7C2620BD0300D503B6 /* CloudSharing.swift in Sources */ = {isa = PBXBuildFile; fileRef = 836B4A7B2620BD0300D503B6 /* CloudSharing.swift */; };
		837E90ED25F4479300DED288 /* CodeScanner in Frameworks */ = {isa = PBXBuildFile; productRef = 837E90EC25F4479300DED288 /* CodeScanner */; };
		83A7357A263407950071D241 /* StoreList.swift in Sources */ = {isa = PBXBuildFile; fileRef = 83A73579263407950071D241 /* StoreList.swift */; };
		83A7357F26340A840071D241 /* StoreRow.swift in Sources */ = {isa = PBXBuildFile; fileRef = 83A7357E26340A840071D241 /* StoreRow.swift */; };
		83A73584263447D90071D241 /* StoreDetail.swift in Sources */ = {isa = PBXBuildFile; fileRef = 83A73583263447D90071D241 /* StoreDetail.swift */; };
		83A92236260C1D9200FFEFD7 /* Formatter.swift in Sources */ = {isa = PBXBuildFile; fileRef = 83A92235260C1D9200FFEFD7 /* Formatter.swift */; };
		83A9223B260E16B500FFEFD7 /* StockOut.swift in Sources */ = {isa = PBXBuildFile; fileRef = 83A9223A260E16B500FFEFD7 /* StockOut.swift */; };
		83A9B4622618AC34002168E0 /* EmptyList.swift in Sources */ = {isa = PBXBuildFile; fileRef = 83A9B4612618AC34002168E0 /* EmptyList.swift */; };
		83C7D58826064BD1002755D8 /* CloudKitHelper.swift in Sources */ = {isa = PBXBuildFile; fileRef = 83C7D58726064BD1002755D8 /* CloudKitHelper.swift */; };
		83CD9E0825D89044000DFF62 /* GoodDetail.swift in Sources */ = {isa = PBXBuildFile; fileRef = 83CD9E0725D89044000DFF62 /* GoodDetail.swift */; };
		83CD9E0D25D89737000DFF62 /* AddGood.swift in Sources */ = {isa = PBXBuildFile; fileRef = 83CD9E0C25D89737000DFF62 /* AddGood.swift */; };
		83F10A6525F702F600AE075B /* CloudKit.framework in Frameworks */ = {isa = PBXBuildFile; fileRef = 83F10A6425F702F600AE075B /* CloudKit.framework */; };
		83F6AA6325D7A09900CE6217 /* Goods.xcdatamodeld in Sources */ = {isa = PBXBuildFile; fileRef = 83F6AA6125D7A09900CE6217 /* Goods.xcdatamodeld */; };
/* End PBXBuildFile section */

/* Begin PBXContainerItemProxy section */
		8322E08225D6414D00B4D11F /* PBXContainerItemProxy */ = {
			isa = PBXContainerItemProxy;
			containerPortal = 8322E06825D6414C00B4D11F /* Project object */;
			proxyType = 1;
			remoteGlobalIDString = 8322E06F25D6414C00B4D11F;
			remoteInfo = IMS;
		};
		8322E08D25D6414D00B4D11F /* PBXContainerItemProxy */ = {
			isa = PBXContainerItemProxy;
			containerPortal = 8322E06825D6414C00B4D11F /* Project object */;
			proxyType = 1;
			remoteGlobalIDString = 8322E06F25D6414C00B4D11F;
			remoteInfo = IMS;
		};
/* End PBXContainerItemProxy section */

/* Begin PBXFileReference section */
		8322E07025D6414C00B4D11F /* IMS.app */ = {isa = PBXFileReference; explicitFileType = wrapper.application; includeInIndex = 0; path = IMS.app; sourceTree = BUILT_PRODUCTS_DIR; };
		8322E07325D6414C00B4D11F /* IMSApp.swift */ = {isa = PBXFileReference; lastKnownFileType = sourcecode.swift; path = IMSApp.swift; sourceTree = "<group>"; };
		8322E07525D6414C00B4D11F /* ContentView.swift */ = {isa = PBXFileReference; lastKnownFileType = sourcecode.swift; path = ContentView.swift; sourceTree = "<group>"; };
		8322E07725D6414D00B4D11F /* Assets.xcassets */ = {isa = PBXFileReference; lastKnownFileType = folder.assetcatalog; path = Assets.xcassets; sourceTree = "<group>"; };
		8322E07A25D6414D00B4D11F /* Preview Assets.xcassets */ = {isa = PBXFileReference; lastKnownFileType = folder.assetcatalog; path = "Preview Assets.xcassets"; sourceTree = "<group>"; };
		8322E07C25D6414D00B4D11F /* Info.plist */ = {isa = PBXFileReference; lastKnownFileType = text.plist.xml; path = Info.plist; sourceTree = "<group>"; };
		8322E08125D6414D00B4D11F /* IMSTests.xctest */ = {isa = PBXFileReference; explicitFileType = wrapper.cfbundle; includeInIndex = 0; path = IMSTests.xctest; sourceTree = BUILT_PRODUCTS_DIR; };
		8322E08525D6414D00B4D11F /* IMSTests.swift */ = {isa = PBXFileReference; lastKnownFileType = sourcecode.swift; path = IMSTests.swift; sourceTree = "<group>"; };
		8322E08725D6414D00B4D11F /* Info.plist */ = {isa = PBXFileReference; lastKnownFileType = text.plist.xml; path = Info.plist; sourceTree = "<group>"; };
		8322E08C25D6414D00B4D11F /* IMSUITests.xctest */ = {isa = PBXFileReference; explicitFileType = wrapper.cfbundle; includeInIndex = 0; path = IMSUITests.xctest; sourceTree = BUILT_PRODUCTS_DIR; };
		8322E09025D6414D00B4D11F /* IMSUITests.swift */ = {isa = PBXFileReference; lastKnownFileType = sourcecode.swift; path = IMSUITests.swift; sourceTree = "<group>"; };
		8322E09225D6414D00B4D11F /* Info.plist */ = {isa = PBXFileReference; lastKnownFileType = text.plist.xml; path = Info.plist; sourceTree = "<group>"; };
		8322E0B625D6685500B4D11F /* Good.swift */ = {isa = PBXFileReference; lastKnownFileType = sourcecode.swift; path = Good.swift; sourceTree = "<group>"; };
		8322E0BB25D6693400B4D11F /* goodsData.json */ = {isa = PBXFileReference; fileEncoding = 4; lastKnownFileType = text.json; path = goodsData.json; sourceTree = "<group>"; };
		8322E0C025D66AAF00B4D11F /* ModelData.swift */ = {isa = PBXFileReference; lastKnownFileType = sourcecode.swift; path = ModelData.swift; sourceTree = "<group>"; };
		8322E0D625D66EBE00B4D11F /* GoodRow.swift */ = {isa = PBXFileReference; lastKnownFileType = sourcecode.swift; path = GoodRow.swift; sourceTree = "<group>"; };
		83302D1C2610691B002216F3 /* Setting.swift */ = {isa = PBXFileReference; lastKnownFileType = sourcecode.swift; path = Setting.swift; sourceTree = "<group>"; };
		83302D292610704F002216F3 /* NotificationHelper.swift */ = {isa = PBXFileReference; lastKnownFileType = sourcecode.swift; path = NotificationHelper.swift; sourceTree = "<group>"; };
		8334212D25D69B97005C3944 /* GoodList.swift */ = {isa = PBXFileReference; lastKnownFileType = sourcecode.swift; path = GoodList.swift; sourceTree = "<group>"; };
		83473A2A262AD6FC00226C8D /* Store.swift */ = {isa = PBXFileReference; lastKnownFileType = sourcecode.swift; path = Store.swift; sourceTree = "<group>"; };
		8360E4E025E20FB3009B5C39 /* ImageLoader.swift */ = {isa = PBXFileReference; lastKnownFileType = sourcecode.swift; path = ImageLoader.swift; sourceTree = "<group>"; };
		836A0A9F25FC8EE3008B1C08 /* Coordinator.swift */ = {isa = PBXFileReference; lastKnownFileType = sourcecode.swift; path = Coordinator.swift; sourceTree = "<group>"; };
		836B4A7B2620BD0300D503B6 /* CloudSharing.swift */ = {isa = PBXFileReference; lastKnownFileType = sourcecode.swift; path = CloudSharing.swift; sourceTree = "<group>"; };
		83A73579263407950071D241 /* StoreList.swift */ = {isa = PBXFileReference; lastKnownFileType = sourcecode.swift; path = StoreList.swift; sourceTree = "<group>"; };
		83A7357E26340A840071D241 /* StoreRow.swift */ = {isa = PBXFileReference; lastKnownFileType = sourcecode.swift; path = StoreRow.swift; sourceTree = "<group>"; };
		83A73583263447D90071D241 /* StoreDetail.swift */ = {isa = PBXFileReference; lastKnownFileType = sourcecode.swift; path = StoreDetail.swift; sourceTree = "<group>"; };
		83A92235260C1D9200FFEFD7 /* Formatter.swift */ = {isa = PBXFileReference; lastKnownFileType = sourcecode.swift; path = Formatter.swift; sourceTree = "<group>"; };
		83A9223A260E16B500FFEFD7 /* StockOut.swift */ = {isa = PBXFileReference; lastKnownFileType = sourcecode.swift; path = StockOut.swift; sourceTree = "<group>"; };
		83A9B4612618AC34002168E0 /* EmptyList.swift */ = {isa = PBXFileReference; lastKnownFileType = sourcecode.swift; path = EmptyList.swift; sourceTree = "<group>"; };
		83C7D58726064BD1002755D8 /* CloudKitHelper.swift */ = {isa = PBXFileReference; lastKnownFileType = sourcecode.swift; path = CloudKitHelper.swift; sourceTree = "<group>"; };
		83CD9E0725D89044000DFF62 /* GoodDetail.swift */ = {isa = PBXFileReference; lastKnownFileType = sourcecode.swift; path = GoodDetail.swift; sourceTree = "<group>"; };
		83CD9E0C25D89737000DFF62 /* AddGood.swift */ = {isa = PBXFileReference; lastKnownFileType = sourcecode.swift; path = AddGood.swift; sourceTree = "<group>"; };
		83F10A6025F7026100AE075B /* IMS.entitlements */ = {isa = PBXFileReference; lastKnownFileType = text.plist.entitlements; path = IMS.entitlements; sourceTree = "<group>"; };
		83F10A6425F702F600AE075B /* CloudKit.framework */ = {isa = PBXFileReference; lastKnownFileType = wrapper.framework; name = CloudKit.framework; path = System/Library/Frameworks/CloudKit.framework; sourceTree = SDKROOT; };
		83F6AA6225D7A09900CE6217 /* Goods.xcdatamodel */ = {isa = PBXFileReference; lastKnownFileType = wrapper.xcdatamodel; path = Goods.xcdatamodel; sourceTree = "<group>"; };
/* End PBXFileReference section */

/* Begin PBXFrameworksBuildPhase section */
		8322E06D25D6414C00B4D11F /* Frameworks */ = {
			isa = PBXFrameworksBuildPhase;
			buildActionMask = 2147483647;
			files = (
				83F10A6525F702F600AE075B /* CloudKit.framework in Frameworks */,
				837E90ED25F4479300DED288 /* CodeScanner in Frameworks */,
			);
			runOnlyForDeploymentPostprocessing = 0;
		};
		8322E07E25D6414D00B4D11F /* Frameworks */ = {
			isa = PBXFrameworksBuildPhase;
			buildActionMask = 2147483647;
			files = (
			);
			runOnlyForDeploymentPostprocessing = 0;
		};
		8322E08925D6414D00B4D11F /* Frameworks */ = {
			isa = PBXFrameworksBuildPhase;
			buildActionMask = 2147483647;
			files = (
			);
			runOnlyForDeploymentPostprocessing = 0;
		};
/* End PBXFrameworksBuildPhase section */

/* Begin PBXGroup section */
		8322E06725D6414C00B4D11F = {
			isa = PBXGroup;
			children = (
				8322E07225D6414C00B4D11F /* IMS */,
				8322E08425D6414D00B4D11F /* IMSTests */,
				8322E08F25D6414D00B4D11F /* IMSUITests */,
				8322E07125D6414C00B4D11F /* Products */,
				DD786C7D9C9D02B451AB865C /* Frameworks */,
			);
			sourceTree = "<group>";
		};
		8322E07125D6414C00B4D11F /* Products */ = {
			isa = PBXGroup;
			children = (
				8322E07025D6414C00B4D11F /* IMS.app */,
				8322E08125D6414D00B4D11F /* IMSTests.xctest */,
				8322E08C25D6414D00B4D11F /* IMSUITests.xctest */,
			);
			name = Products;
			sourceTree = "<group>";
		};
		8322E07225D6414C00B4D11F /* IMS */ = {
			isa = PBXGroup;
			children = (
				83F10A6025F7026100AE075B /* IMS.entitlements */,
				8360E4DF25E20F89009B5C39 /* helper */,
				8322E07325D6414C00B4D11F /* IMSApp.swift */,
				8322E0CA25D66D8500B4D11F /* Model */,
				8322E0C925D66D5C00B4D11F /* Resources */,
				8322E0C825D66D3B00B4D11F /* Views */,
				8322E07725D6414D00B4D11F /* Assets.xcassets */,
				8322E07C25D6414D00B4D11F /* Info.plist */,
				8322E07925D6414D00B4D11F /* Preview Content */,
			);
			path = IMS;
			sourceTree = "<group>";
		};
		8322E07925D6414D00B4D11F /* Preview Content */ = {
			isa = PBXGroup;
			children = (
				8322E07A25D6414D00B4D11F /* Preview Assets.xcassets */,
			);
			path = "Preview Content";
			sourceTree = "<group>";
		};
		8322E08425D6414D00B4D11F /* IMSTests */ = {
			isa = PBXGroup;
			children = (
				8322E08525D6414D00B4D11F /* IMSTests.swift */,
				8322E08725D6414D00B4D11F /* Info.plist */,
			);
			path = IMSTests;
			sourceTree = "<group>";
		};
		8322E08F25D6414D00B4D11F /* IMSUITests */ = {
			isa = PBXGroup;
			children = (
				8322E09025D6414D00B4D11F /* IMSUITests.swift */,
				8322E09225D6414D00B4D11F /* Info.plist */,
			);
			path = IMSUITests;
			sourceTree = "<group>";
		};
		8322E0C825D66D3B00B4D11F /* Views */ = {
			isa = PBXGroup;
			children = (
				8322E07525D6414C00B4D11F /* ContentView.swift */,
				8322E0D625D66EBE00B4D11F /* GoodRow.swift */,
				8334212D25D69B97005C3944 /* GoodList.swift */,
				83CD9E0725D89044000DFF62 /* GoodDetail.swift */,
				83CD9E0C25D89737000DFF62 /* AddGood.swift */,
				83A9223A260E16B500FFEFD7 /* StockOut.swift */,
				83302D1C2610691B002216F3 /* Setting.swift */,
				83A9B4612618AC34002168E0 /* EmptyList.swift */,
				83A73579263407950071D241 /* StoreList.swift */,
				83A7357E26340A840071D241 /* StoreRow.swift */,
				83A73583263447D90071D241 /* StoreDetail.swift */,
			);
			path = Views;
			sourceTree = "<group>";
		};
		8322E0C925D66D5C00B4D11F /* Resources */ = {
			isa = PBXGroup;
			children = (
				8322E0BB25D6693400B4D11F /* goodsData.json */,
			);
			path = Resources;
			sourceTree = "<group>";
		};
		8322E0CA25D66D8500B4D11F /* Model */ = {
			isa = PBXGroup;
			children = (
				83F6AA6125D7A09900CE6217 /* Goods.xcdatamodeld */,
				8322E0C025D66AAF00B4D11F /* ModelData.swift */,
				8322E0B625D6685500B4D11F /* Good.swift */,
				83473A2A262AD6FC00226C8D /* Store.swift */,
			);
			path = Model;
			sourceTree = "<group>";
		};
		8360E4DF25E20F89009B5C39 /* helper */ = {
			isa = PBXGroup;
			children = (
				8360E4E025E20FB3009B5C39 /* ImageLoader.swift */,
				836A0A9F25FC8EE3008B1C08 /* Coordinator.swift */,
				83C7D58726064BD1002755D8 /* CloudKitHelper.swift */,
				83A92235260C1D9200FFEFD7 /* Formatter.swift */,
				83302D292610704F002216F3 /* NotificationHelper.swift */,
				836B4A7B2620BD0300D503B6 /* CloudSharing.swift */,
			);
			path = helper;
			sourceTree = "<group>";
		};
		DD786C7D9C9D02B451AB865C /* Frameworks */ = {
			isa = PBXGroup;
			children = (
				83F10A6425F702F600AE075B /* CloudKit.framework */,
			);
			name = Frameworks;
			sourceTree = "<group>";
		};
/* End PBXGroup section */

/* Begin PBXNativeTarget section */
		8322E06F25D6414C00B4D11F /* IMS */ = {
			isa = PBXNativeTarget;
			buildConfigurationList = 8322E09525D6414D00B4D11F /* Build configuration list for PBXNativeTarget "IMS" */;
			buildPhases = (
				8322E06C25D6414C00B4D11F /* Sources */,
				8322E06D25D6414C00B4D11F /* Frameworks */,
				8322E06E25D6414C00B4D11F /* Resources */,
			);
			buildRules = (
			);
			dependencies = (
			);
			name = IMS;
			packageProductDependencies = (
				837E90EC25F4479300DED288 /* CodeScanner */,
			);
			productName = IMS;
			productReference = 8322E07025D6414C00B4D11F /* IMS.app */;
			productType = "com.apple.product-type.application";
		};
		8322E08025D6414D00B4D11F /* IMSTests */ = {
			isa = PBXNativeTarget;
			buildConfigurationList = 8322E09825D6414D00B4D11F /* Build configuration list for PBXNativeTarget "IMSTests" */;
			buildPhases = (
				8322E07D25D6414D00B4D11F /* Sources */,
				8322E07E25D6414D00B4D11F /* Frameworks */,
				8322E07F25D6414D00B4D11F /* Resources */,
			);
			buildRules = (
			);
			dependencies = (
				8322E08325D6414D00B4D11F /* PBXTargetDependency */,
			);
			name = IMSTests;
			productName = IMSTests;
			productReference = 8322E08125D6414D00B4D11F /* IMSTests.xctest */;
			productType = "com.apple.product-type.bundle.unit-test";
		};
		8322E08B25D6414D00B4D11F /* IMSUITests */ = {
			isa = PBXNativeTarget;
			buildConfigurationList = 8322E09B25D6414D00B4D11F /* Build configuration list for PBXNativeTarget "IMSUITests" */;
			buildPhases = (
				8322E08825D6414D00B4D11F /* Sources */,
				8322E08925D6414D00B4D11F /* Frameworks */,
				8322E08A25D6414D00B4D11F /* Resources */,
			);
			buildRules = (
			);
			dependencies = (
				8322E08E25D6414D00B4D11F /* PBXTargetDependency */,
			);
			name = IMSUITests;
			productName = IMSUITests;
			productReference = 8322E08C25D6414D00B4D11F /* IMSUITests.xctest */;
			productType = "com.apple.product-type.bundle.ui-testing";
		};
/* End PBXNativeTarget section */

/* Begin PBXProject section */
		8322E06825D6414C00B4D11F /* Project object */ = {
			isa = PBXProject;
			attributes = {
				LastSwiftUpdateCheck = 1240;
				LastUpgradeCheck = 1240;
				TargetAttributes = {
					8322E06F25D6414C00B4D11F = {
						CreatedOnToolsVersion = 12.4;
					};
					8322E08025D6414D00B4D11F = {
						CreatedOnToolsVersion = 12.4;
						TestTargetID = 8322E06F25D6414C00B4D11F;
					};
					8322E08B25D6414D00B4D11F = {
						CreatedOnToolsVersion = 12.4;
						TestTargetID = 8322E06F25D6414C00B4D11F;
					};
				};
			};
			buildConfigurationList = 8322E06B25D6414C00B4D11F /* Build configuration list for PBXProject "IMS" */;
			compatibilityVersion = "Xcode 9.3";
			developmentRegion = en;
			hasScannedForEncodings = 0;
			knownRegions = (
				en,
				Base,
			);
			mainGroup = 8322E06725D6414C00B4D11F;
			packageReferences = (
				837E90EB25F4479300DED288 /* XCRemoteSwiftPackageReference "CodeScanner" */,
			);
			productRefGroup = 8322E07125D6414C00B4D11F /* Products */;
			projectDirPath = "";
			projectRoot = "";
			targets = (
				8322E06F25D6414C00B4D11F /* IMS */,
				8322E08025D6414D00B4D11F /* IMSTests */,
				8322E08B25D6414D00B4D11F /* IMSUITests */,
			);
		};
/* End PBXProject section */

/* Begin PBXResourcesBuildPhase section */
		8322E06E25D6414C00B4D11F /* Resources */ = {
			isa = PBXResourcesBuildPhase;
			buildActionMask = 2147483647;
			files = (
				8322E07B25D6414D00B4D11F /* Preview Assets.xcassets in Resources */,
				8322E07825D6414D00B4D11F /* Assets.xcassets in Resources */,
				8322E0BC25D6693400B4D11F /* goodsData.json in Resources */,
			);
			runOnlyForDeploymentPostprocessing = 0;
		};
		8322E07F25D6414D00B4D11F /* Resources */ = {
			isa = PBXResourcesBuildPhase;
			buildActionMask = 2147483647;
			files = (
			);
			runOnlyForDeploymentPostprocessing = 0;
		};
		8322E08A25D6414D00B4D11F /* Resources */ = {
			isa = PBXResourcesBuildPhase;
			buildActionMask = 2147483647;
			files = (
			);
			runOnlyForDeploymentPostprocessing = 0;
		};
/* End PBXResourcesBuildPhase section */

/* Begin PBXSourcesBuildPhase section */
		8322E06C25D6414C00B4D11F /* Sources */ = {
			isa = PBXSourcesBuildPhase;
			buildActionMask = 2147483647;
			files = (
				83CD9E0D25D89737000DFF62 /* AddGood.swift in Sources */,
				83A92236260C1D9200FFEFD7 /* Formatter.swift in Sources */,
				8334212E25D69B97005C3944 /* GoodList.swift in Sources */,
				83C7D58826064BD1002755D8 /* CloudKitHelper.swift in Sources */,
				8360E4E125E20FB3009B5C39 /* ImageLoader.swift in Sources */,
				836B4A7C2620BD0300D503B6 /* CloudSharing.swift in Sources */,
				83302D1D2610691B002216F3 /* Setting.swift in Sources */,
				83A9223B260E16B500FFEFD7 /* StockOut.swift in Sources */,
				8322E0B725D6685500B4D11F /* Good.swift in Sources */,
				83F6AA6325D7A09900CE6217 /* Goods.xcdatamodeld in Sources */,
				8322E0C125D66AAF00B4D11F /* ModelData.swift in Sources */,
				83A7357A263407950071D241 /* StoreList.swift in Sources */,
				83302D2A2610704F002216F3 /* NotificationHelper.swift in Sources */,
				836A0AA025FC8EE3008B1C08 /* Coordinator.swift in Sources */,
				83A7357F26340A840071D241 /* StoreRow.swift in Sources */,
				83A9B4622618AC34002168E0 /* EmptyList.swift in Sources */,
				83473A2B262AD6FC00226C8D /* Store.swift in Sources */,
				8322E07625D6414C00B4D11F /* ContentView.swift in Sources */,
				8322E07425D6414C00B4D11F /* IMSApp.swift in Sources */,
				8322E0D725D66EBE00B4D11F /* GoodRow.swift in Sources */,
				83A73584263447D90071D241 /* StoreDetail.swift in Sources */,
				83CD9E0825D89044000DFF62 /* GoodDetail.swift in Sources */,
			);
			runOnlyForDeploymentPostprocessing = 0;
		};
		8322E07D25D6414D00B4D11F /* Sources */ = {
			isa = PBXSourcesBuildPhase;
			buildActionMask = 2147483647;
			files = (
				8322E08625D6414D00B4D11F /* IMSTests.swift in Sources */,
			);
			runOnlyForDeploymentPostprocessing = 0;
		};
		8322E08825D6414D00B4D11F /* Sources */ = {
			isa = PBXSourcesBuildPhase;
			buildActionMask = 2147483647;
			files = (
				8322E09125D6414D00B4D11F /* IMSUITests.swift in Sources */,
			);
			runOnlyForDeploymentPostprocessing = 0;
		};
/* End PBXSourcesBuildPhase section */

/* Begin PBXTargetDependency section */
		8322E08325D6414D00B4D11F /* PBXTargetDependency */ = {
			isa = PBXTargetDependency;
			target = 8322E06F25D6414C00B4D11F /* IMS */;
			targetProxy = 8322E08225D6414D00B4D11F /* PBXContainerItemProxy */;
		};
		8322E08E25D6414D00B4D11F /* PBXTargetDependency */ = {
			isa = PBXTargetDependency;
			target = 8322E06F25D6414C00B4D11F /* IMS */;
			targetProxy = 8322E08D25D6414D00B4D11F /* PBXContainerItemProxy */;
		};
/* End PBXTargetDependency section */

/* Begin XCBuildConfiguration section */
		8322E09325D6414D00B4D11F /* Debug */ = {
			isa = XCBuildConfiguration;
			buildSettings = {
				ALWAYS_SEARCH_USER_PATHS = NO;
				CLANG_ANALYZER_NONNULL = YES;
				CLANG_ANALYZER_NUMBER_OBJECT_CONVERSION = YES_AGGRESSIVE;
				CLANG_CXX_LANGUAGE_STANDARD = "gnu++14";
				CLANG_CXX_LIBRARY = "libc++";
				CLANG_ENABLE_MODULES = YES;
				CLANG_ENABLE_OBJC_ARC = YES;
				CLANG_ENABLE_OBJC_WEAK = YES;
				CLANG_WARN_BLOCK_CAPTURE_AUTORELEASING = YES;
				CLANG_WARN_BOOL_CONVERSION = YES;
				CLANG_WARN_COMMA = YES;
				CLANG_WARN_CONSTANT_CONVERSION = YES;
				CLANG_WARN_DEPRECATED_OBJC_IMPLEMENTATIONS = YES;
				CLANG_WARN_DIRECT_OBJC_ISA_USAGE = YES_ERROR;
				CLANG_WARN_DOCUMENTATION_COMMENTS = YES;
				CLANG_WARN_EMPTY_BODY = YES;
				CLANG_WARN_ENUM_CONVERSION = YES;
				CLANG_WARN_INFINITE_RECURSION = YES;
				CLANG_WARN_INT_CONVERSION = YES;
				CLANG_WARN_NON_LITERAL_NULL_CONVERSION = YES;
				CLANG_WARN_OBJC_IMPLICIT_RETAIN_SELF = YES;
				CLANG_WARN_OBJC_LITERAL_CONVERSION = YES;
				CLANG_WARN_OBJC_ROOT_CLASS = YES_ERROR;
				CLANG_WARN_QUOTED_INCLUDE_IN_FRAMEWORK_HEADER = YES;
				CLANG_WARN_RANGE_LOOP_ANALYSIS = YES;
				CLANG_WARN_STRICT_PROTOTYPES = YES;
				CLANG_WARN_SUSPICIOUS_MOVE = YES;
				CLANG_WARN_UNGUARDED_AVAILABILITY = YES_AGGRESSIVE;
				CLANG_WARN_UNREACHABLE_CODE = YES;
				CLANG_WARN__DUPLICATE_METHOD_MATCH = YES;
				COPY_PHASE_STRIP = NO;
				DEBUG_INFORMATION_FORMAT = dwarf;
				ENABLE_STRICT_OBJC_MSGSEND = YES;
				ENABLE_TESTABILITY = YES;
				GCC_C_LANGUAGE_STANDARD = gnu11;
				GCC_DYNAMIC_NO_PIC = NO;
				GCC_NO_COMMON_BLOCKS = YES;
				GCC_OPTIMIZATION_LEVEL = 0;
				GCC_PREPROCESSOR_DEFINITIONS = (
					"DEBUG=1",
					"$(inherited)",
				);
				GCC_WARN_64_TO_32_BIT_CONVERSION = YES;
				GCC_WARN_ABOUT_RETURN_TYPE = YES_ERROR;
				GCC_WARN_UNDECLARED_SELECTOR = YES;
				GCC_WARN_UNINITIALIZED_AUTOS = YES_AGGRESSIVE;
				GCC_WARN_UNUSED_FUNCTION = YES;
				GCC_WARN_UNUSED_VARIABLE = YES;
				IPHONEOS_DEPLOYMENT_TARGET = 14.4;
				MTL_ENABLE_DEBUG_INFO = INCLUDE_SOURCE;
				MTL_FAST_MATH = YES;
				ONLY_ACTIVE_ARCH = YES;
				SDKROOT = iphoneos;
				SWIFT_ACTIVE_COMPILATION_CONDITIONS = DEBUG;
				SWIFT_OPTIMIZATION_LEVEL = "-Onone";
			};
			name = Debug;
		};
		8322E09425D6414D00B4D11F /* Release */ = {
			isa = XCBuildConfiguration;
			buildSettings = {
				ALWAYS_SEARCH_USER_PATHS = NO;
				CLANG_ANALYZER_NONNULL = YES;
				CLANG_ANALYZER_NUMBER_OBJECT_CONVERSION = YES_AGGRESSIVE;
				CLANG_CXX_LANGUAGE_STANDARD = "gnu++14";
				CLANG_CXX_LIBRARY = "libc++";
				CLANG_ENABLE_MODULES = YES;
				CLANG_ENABLE_OBJC_ARC = YES;
				CLANG_ENABLE_OBJC_WEAK = YES;
				CLANG_WARN_BLOCK_CAPTURE_AUTORELEASING = YES;
				CLANG_WARN_BOOL_CONVERSION = YES;
				CLANG_WARN_COMMA = YES;
				CLANG_WARN_CONSTANT_CONVERSION = YES;
				CLANG_WARN_DEPRECATED_OBJC_IMPLEMENTATIONS = YES;
				CLANG_WARN_DIRECT_OBJC_ISA_USAGE = YES_ERROR;
				CLANG_WARN_DOCUMENTATION_COMMENTS = YES;
				CLANG_WARN_EMPTY_BODY = YES;
				CLANG_WARN_ENUM_CONVERSION = YES;
				CLANG_WARN_INFINITE_RECURSION = YES;
				CLANG_WARN_INT_CONVERSION = YES;
				CLANG_WARN_NON_LITERAL_NULL_CONVERSION = YES;
				CLANG_WARN_OBJC_IMPLICIT_RETAIN_SELF = YES;
				CLANG_WARN_OBJC_LITERAL_CONVERSION = YES;
				CLANG_WARN_OBJC_ROOT_CLASS = YES_ERROR;
				CLANG_WARN_QUOTED_INCLUDE_IN_FRAMEWORK_HEADER = YES;
				CLANG_WARN_RANGE_LOOP_ANALYSIS = YES;
				CLANG_WARN_STRICT_PROTOTYPES = YES;
				CLANG_WARN_SUSPICIOUS_MOVE = YES;
				CLANG_WARN_UNGUARDED_AVAILABILITY = YES_AGGRESSIVE;
				CLANG_WARN_UNREACHABLE_CODE = YES;
				CLANG_WARN__DUPLICATE_METHOD_MATCH = YES;
				COPY_PHASE_STRIP = NO;
				DEBUG_INFORMATION_FORMAT = "dwarf-with-dsym";
				ENABLE_NS_ASSERTIONS = NO;
				ENABLE_STRICT_OBJC_MSGSEND = YES;
				GCC_C_LANGUAGE_STANDARD = gnu11;
				GCC_NO_COMMON_BLOCKS = YES;
				GCC_WARN_64_TO_32_BIT_CONVERSION = YES;
				GCC_WARN_ABOUT_RETURN_TYPE = YES_ERROR;
				GCC_WARN_UNDECLARED_SELECTOR = YES;
				GCC_WARN_UNINITIALIZED_AUTOS = YES_AGGRESSIVE;
				GCC_WARN_UNUSED_FUNCTION = YES;
				GCC_WARN_UNUSED_VARIABLE = YES;
				IPHONEOS_DEPLOYMENT_TARGET = 14.4;
				MTL_ENABLE_DEBUG_INFO = NO;
				MTL_FAST_MATH = YES;
				SDKROOT = iphoneos;
				SWIFT_COMPILATION_MODE = wholemodule;
				SWIFT_OPTIMIZATION_LEVEL = "-O";
				VALIDATE_PRODUCT = YES;
			};
			name = Release;
		};
		8322E09625D6414D00B4D11F /* Debug */ = {
			isa = XCBuildConfiguration;
			buildSettings = {
				ASSETCATALOG_COMPILER_APPICON_NAME = AppIcon;
				ASSETCATALOG_COMPILER_GLOBAL_ACCENT_COLOR_NAME = AccentColor;
				CODE_SIGN_ENTITLEMENTS = IMS/IMS.entitlements;
				CODE_SIGN_STYLE = Automatic;
				DEVELOPMENT_ASSET_PATHS = "\"IMS/Preview Content\"";
				DEVELOPMENT_TEAM = 7EDV5GHJYS;
				ENABLE_PREVIEWS = YES;
				INFOPLIST_FILE = IMS/Info.plist;
				IPHONEOS_DEPLOYMENT_TARGET = 14.0;
				LD_RUNPATH_SEARCH_PATHS = (
					"$(inherited)",
					"@executable_path/Frameworks",
				);
				PRODUCT_BUNDLE_IDENTIFIER = com.inact.ims;
				PRODUCT_NAME = "$(TARGET_NAME)";
				SWIFT_VERSION = 5.0;
				TARGETED_DEVICE_FAMILY = 1;
			};
			name = Debug;
		};
		8322E09725D6414D00B4D11F /* Release */ = {
			isa = XCBuildConfiguration;
			buildSettings = {
				ASSETCATALOG_COMPILER_APPICON_NAME = AppIcon;
				ASSETCATALOG_COMPILER_GLOBAL_ACCENT_COLOR_NAME = AccentColor;
				CODE_SIGN_ENTITLEMENTS = IMS/IMS.entitlements;
				CODE_SIGN_STYLE = Automatic;
				DEVELOPMENT_ASSET_PATHS = "\"IMS/Preview Content\"";
				DEVELOPMENT_TEAM = 7EDV5GHJYS;
				ENABLE_PREVIEWS = YES;
				INFOPLIST_FILE = IMS/Info.plist;
				IPHONEOS_DEPLOYMENT_TARGET = 14.0;
				LD_RUNPATH_SEARCH_PATHS = (
					"$(inherited)",
					"@executable_path/Frameworks",
				);
				PRODUCT_BUNDLE_IDENTIFIER = com.inact.ims;
				PRODUCT_NAME = "$(TARGET_NAME)";
				SWIFT_VERSION = 5.0;
				TARGETED_DEVICE_FAMILY = 1;
			};
			name = Release;
		};
		8322E09925D6414D00B4D11F /* Debug */ = {
			isa = XCBuildConfiguration;
			buildSettings = {
				ALWAYS_EMBED_SWIFT_STANDARD_LIBRARIES = YES;
				BUNDLE_LOADER = "$(TEST_HOST)";
				CODE_SIGN_STYLE = Automatic;
				DEVELOPMENT_TEAM = 5AWUUWPND3;
				INFOPLIST_FILE = IMSTests/Info.plist;
				IPHONEOS_DEPLOYMENT_TARGET = 14.0;
				LD_RUNPATH_SEARCH_PATHS = (
					"$(inherited)",
					"@executable_path/Frameworks",
					"@loader_path/Frameworks",
				);
				PRODUCT_BUNDLE_IDENTIFIER = com.usecubes.IMSTests;
				PRODUCT_NAME = "$(TARGET_NAME)";
				SWIFT_VERSION = 5.0;
				TARGETED_DEVICE_FAMILY = "1,2";
				TEST_HOST = "$(BUILT_PRODUCTS_DIR)/IMS.app/IMS";
			};
			name = Debug;
		};
		8322E09A25D6414D00B4D11F /* Release */ = {
			isa = XCBuildConfiguration;
			buildSettings = {
				ALWAYS_EMBED_SWIFT_STANDARD_LIBRARIES = YES;
				BUNDLE_LOADER = "$(TEST_HOST)";
				CODE_SIGN_STYLE = Automatic;
				DEVELOPMENT_TEAM = 5AWUUWPND3;
				INFOPLIST_FILE = IMSTests/Info.plist;
				IPHONEOS_DEPLOYMENT_TARGET = 14.0;
				LD_RUNPATH_SEARCH_PATHS = (
					"$(inherited)",
					"@executable_path/Frameworks",
					"@loader_path/Frameworks",
				);
				PRODUCT_BUNDLE_IDENTIFIER = com.usecubes.IMSTests;
				PRODUCT_NAME = "$(TARGET_NAME)";
				SWIFT_VERSION = 5.0;
				TARGETED_DEVICE_FAMILY = "1,2";
				TEST_HOST = "$(BUILT_PRODUCTS_DIR)/IMS.app/IMS";
			};
			name = Release;
		};
		8322E09C25D6414D00B4D11F /* Debug */ = {
			isa = XCBuildConfiguration;
			buildSettings = {
				ALWAYS_EMBED_SWIFT_STANDARD_LIBRARIES = YES;
				CODE_SIGN_STYLE = Automatic;
				DEVELOPMENT_TEAM = 5AWUUWPND3;
				INFOPLIST_FILE = IMSUITests/Info.plist;
				LD_RUNPATH_SEARCH_PATHS = (
					"$(inherited)",
					"@executable_path/Frameworks",
					"@loader_path/Frameworks",
				);
				PRODUCT_BUNDLE_IDENTIFIER = com.usecubes.IMSUITests;
				PRODUCT_NAME = "$(TARGET_NAME)";
				SWIFT_VERSION = 5.0;
				TARGETED_DEVICE_FAMILY = "1,2";
				TEST_TARGET_NAME = IMS;
			};
			name = Debug;
		};
		8322E09D25D6414D00B4D11F /* Release */ = {
			isa = XCBuildConfiguration;
			buildSettings = {
				ALWAYS_EMBED_SWIFT_STANDARD_LIBRARIES = YES;
				CODE_SIGN_STYLE = Automatic;
				DEVELOPMENT_TEAM = 5AWUUWPND3;
				INFOPLIST_FILE = IMSUITests/Info.plist;
				LD_RUNPATH_SEARCH_PATHS = (
					"$(inherited)",
					"@executable_path/Frameworks",
					"@loader_path/Frameworks",
				);
				PRODUCT_BUNDLE_IDENTIFIER = com.usecubes.IMSUITests;
				PRODUCT_NAME = "$(TARGET_NAME)";
				SWIFT_VERSION = 5.0;
				TARGETED_DEVICE_FAMILY = "1,2";
				TEST_TARGET_NAME = IMS;
			};
			name = Release;
		};
/* End XCBuildConfiguration section */

/* Begin XCConfigurationList section */
		8322E06B25D6414C00B4D11F /* Build configuration list for PBXProject "IMS" */ = {
			isa = XCConfigurationList;
			buildConfigurations = (
				8322E09325D6414D00B4D11F /* Debug */,
				8322E09425D6414D00B4D11F /* Release */,
			);
			defaultConfigurationIsVisible = 0;
			defaultConfigurationName = Release;
		};
		8322E09525D6414D00B4D11F /* Build configuration list for PBXNativeTarget "IMS" */ = {
			isa = XCConfigurationList;
			buildConfigurations = (
				8322E09625D6414D00B4D11F /* Debug */,
				8322E09725D6414D00B4D11F /* Release */,
			);
			defaultConfigurationIsVisible = 0;
			defaultConfigurationName = Release;
		};
		8322E09825D6414D00B4D11F /* Build configuration list for PBXNativeTarget "IMSTests" */ = {
			isa = XCConfigurationList;
			buildConfigurations = (
				8322E09925D6414D00B4D11F /* Debug */,
				8322E09A25D6414D00B4D11F /* Release */,
			);
			defaultConfigurationIsVisible = 0;
			defaultConfigurationName = Release;
		};
		8322E09B25D6414D00B4D11F /* Build configuration list for PBXNativeTarget "IMSUITests" */ = {
			isa = XCConfigurationList;
			buildConfigurations = (
				8322E09C25D6414D00B4D11F /* Debug */,
				8322E09D25D6414D00B4D11F /* Release */,
			);
			defaultConfigurationIsVisible = 0;
			defaultConfigurationName = Release;
		};
/* End XCConfigurationList section */

/* Begin XCRemoteSwiftPackageReference section */
		837E90EB25F4479300DED288 /* XCRemoteSwiftPackageReference "CodeScanner" */ = {
			isa = XCRemoteSwiftPackageReference;
			repositoryURL = "https://github.com/twostraws/CodeScanner";
			requirement = {
				kind = upToNextMajorVersion;
				minimumVersion = 1.0.7;
			};
		};
/* End XCRemoteSwiftPackageReference section */

/* Begin XCSwiftPackageProductDependency section */
		837E90EC25F4479300DED288 /* CodeScanner */ = {
			isa = XCSwiftPackageProductDependency;
			package = 837E90EB25F4479300DED288 /* XCRemoteSwiftPackageReference "CodeScanner" */;
			productName = CodeScanner;
		};
/* End XCSwiftPackageProductDependency section */

/* Begin XCVersionGroup section */
		83F6AA6125D7A09900CE6217 /* Goods.xcdatamodeld */ = {
			isa = XCVersionGroup;
			children = (
				83F6AA6225D7A09900CE6217 /* Goods.xcdatamodel */,
			);
			currentVersion = 83F6AA6225D7A09900CE6217 /* Goods.xcdatamodel */;
			name = Goods.xcdatamodeld;
			path = ../Goods.xcdatamodeld;
			sourceTree = "<group>";
			versionGroupType = wrapper.xcdatamodel;
		};
/* End XCVersionGroup section */
	};
	rootObject = 8322E06825D6414C00B4D11F /* Project object */;
}
